<?xml version="1.0" encoding="utf-8"?>
<Project ToolsVersion="4.0" xmlns="http://schemas.microsoft.com/developer/msbuild/2003">
  <ItemGroup>
    <ClInclude Include="src\Auth.h" />
    <ClInclude Include="src\FTPServer.h" />
    <ClInclude Include="src\FTPServerConn.h" />
    <ClInclude Include="src\Renderer.h" />
    <ClInclude Include="src\Shared.h" />
    <ClInclude Include="src\stdafx.h" />
  </ItemGroup>
  <ItemGroup>
    <ClCompile Include="src\main.cpp">
      <Filter>Source</Filter>
    </ClCompile>
    <ClCompile Include="src\stdafx.cpp">
      <Filter>Source</Filter>
    </ClCompile>
    <ClCompile Include="src\Auth.cpp">
      <Filter>Source</Filter>
    </ClCompile>
    <ClCompile Include="src\FTPServer.cpp">
      <Filter>Source</Filter>
    </ClCompile>
    <ClCompile Include="src\FTPServerConn.cpp">
      <Filter>Source</Filter>
    </ClCompile>
    <ClCompile Include="src\Renderer.cpp">
      <Filter>Source</Filter>
    </ClCompile>
    <ClCompile Include="src\Shared.cpp">
      <Filter>Source</Filter>
    </ClCompile>
  </ItemGroup>
  <ItemGroup>
    <None Include="xex.xml">
      <Filter>Config</Filter>
    </None>
  </ItemGroup>
  <ItemGroup>
    <Filter Include="Source">
      <UniqueIdentifier>{8da8fa4f-48fe-4d4a-836e-01ec7a4de4e3}</UniqueIdentifier>
    </Filter>
    <Filter Include="Config">
      <UniqueIdentifier>{a5e36c30-fa69-45c2-82c5-432b5a15a6fa}</UniqueIdentifier>
    </Filter>
  </ItemGroup>
</Project>
